
Microsoft Visual Studio Solution File, Format Version 12.00
# Visual Studio Version 17
VisualStudioVersion = 17.8.34511.84
MinimumVisualStudioVersion = 10.0.40219.1
Project("{FAE04EC0-301F-11D3-BF4B-00C04F79EFBC}") = "DescribeForm", "DescribeForm\DescribeForm.csproj", "{37E5C29F-9742-4428-AF59-C1D61DA89128}"
EndProject
Global
	GlobalSection(SolutionConfigurationPlatforms) = preSolution
		Debug|Any CPU = Debug|Any CPU
		Release|Any CPU = Release|Any CPU
	EndGlobalSection
	GlobalSection(ProjectConfigurationPlatforms) = postSolution
		{37E5C29F-9742-4428-AF59-C1D61DA89128}.Debug|Any CPU.ActiveCfg = Debug|Any CPU
		{37E5C29F-9742-4428-AF59-C1D61DA89128}.Debug|Any CPU.Build.0 = Debug|Any CPU
		{37E5C29F-9742-4428-AF59-C1D61DA89128}.Release|Any CPU.ActiveCfg = Release|Any CPU
		{37E5C29F-9742-4428-AF59-C1D61DA89128}.Release|Any CPU.Build.0 = Release|Any CPU
	EndGlobalSection
	GlobalSection(SolutionProperties) = preSolution
		HideSolutionNode = FALSE
	EndGlobalSection
	GlobalSection(ExtensibilityGlobals) = postSolution
		SolutionGuid = {558E0C29-07F3-4F19-B4CD-A9B71897B767}
	EndGlobalSection
EndGlobal
